
Microsoft Visual Studio Solution File, Format Version 12.00
# Visual Studio Version 17
VisualStudioVersion = 17.14.36414.22 d17.14
MinimumVisualStudioVersion = 10.0.40219.1
Project("{FAE04EC0-301F-11D3-BF4B-00C04F79EFBC}") = "AIInterviewCoach", "AIInterviewCoach\AIInterviewCoach.csproj", "{80EDE2C9-147B-47CF-A131-1067BF08C1BC}"
EndProject
Project("{FAE04EC0-301F-11D3-BF4B-00C04F79EFBC}") = "AIInterviewCoach.Domain", "AIInterviewCoach.Domain\AIInterviewCoach.Domain.csproj", "{D90A8F24-EB94-4B63-8E8F-FD0914DF3439}"
EndProject
Project("{FAE04EC0-301F-11D3-BF4B-00C04F79EFBC}") = "AIInterviewCoach.Application", "AIInterviewCoach.Application\AIInterviewCoach.Application.csproj", "{651BA340-4165-4DFB-9826-70C27E0F4959}"
EndProject
Project("{FAE04EC0-301F-11D3-BF4B-00C04F79EFBC}") = "AIInterviewCoach.Infrastructure", "AIInterviewCoach.Infrastructure\AIInterviewCoach.Infrastructure.csproj", "{DCB2DBB2-CB32-4E99-A281-0A4F7DEF46E2}"
EndProject
Global
	GlobalSection(SolutionConfigurationPlatforms) = preSolution
		Debug|Any CPU = Debug|Any CPU
		Release|Any CPU = Release|Any CPU
	EndGlobalSection
	GlobalSection(ProjectConfigurationPlatforms) = postSolution
		{80EDE2C9-147B-47CF-A131-1067BF08C1BC}.Debug|Any CPU.ActiveCfg = Debug|Any CPU
		{80EDE2C9-147B-47CF-A131-1067BF08C1BC}.Debug|Any CPU.Build.0 = Debug|Any CPU
		{80EDE2C9-147B-47CF-A131-1067BF08C1BC}.Release|Any CPU.ActiveCfg = Release|Any CPU
		{80EDE2C9-147B-47CF-A131-1067BF08C1BC}.Release|Any CPU.Build.0 = Release|Any CPU
		{D90A8F24-EB94-4B63-8E8F-FD0914DF3439}.Debug|Any CPU.ActiveCfg = Debug|Any CPU
		{D90A8F24-EB94-4B63-8E8F-FD0914DF3439}.Debug|Any CPU.Build.0 = Debug|Any CPU
		{D90A8F24-EB94-4B63-8E8F-FD0914DF3439}.Release|Any CPU.ActiveCfg = Release|Any CPU
		{D90A8F24-EB94-4B63-8E8F-FD0914DF3439}.Release|Any CPU.Build.0 = Release|Any CPU
		{651BA340-4165-4DFB-9826-70C27E0F4959}.Debug|Any CPU.ActiveCfg = Debug|Any CPU
		{651BA340-4165-4DFB-9826-70C27E0F4959}.Debug|Any CPU.Build.0 = Debug|Any CPU
		{651BA340-4165-4DFB-9826-70C27E0F4959}.Release|Any CPU.ActiveCfg = Release|Any CPU
		{651BA340-4165-4DFB-9826-70C27E0F4959}.Release|Any CPU.Build.0 = Release|Any CPU
		{DCB2DBB2-CB32-4E99-A281-0A4F7DEF46E2}.Debug|Any CPU.ActiveCfg = Debug|Any CPU
		{DCB2DBB2-CB32-4E99-A281-0A4F7DEF46E2}.Debug|Any CPU.Build.0 = Debug|Any CPU
		{DCB2DBB2-CB32-4E99-A281-0A4F7DEF46E2}.Release|Any CPU.ActiveCfg = Release|Any CPU
		{DCB2DBB2-CB32-4E99-A281-0A4F7DEF46E2}.Release|Any CPU.Build.0 = Release|Any CPU
	EndGlobalSection
	GlobalSection(SolutionProperties) = preSolution
		HideSolutionNode = FALSE
	EndGlobalSection
	GlobalSection(ExtensibilityGlobals) = postSolution
		SolutionGuid = {6B914AB8-E2AE-44C7-B20B-3D3BBD66B852}
	EndGlobalSection
EndGlobal
